
Microsoft Visual Studio Solution File, Format Version 12.00
# Visual Studio Version 16
VisualStudioVersion = 16.0.32901.82
MinimumVisualStudioVersion = 10.0.40219.1
Project("{FAE04EC0-301F-11D3-BF4B-00C04F79EFBC}") = "GameCore", "GameCore\GameCore.csproj", "{DD9FF753-D493-4CAE-B743-8A4BFBF2CBB0}"
EndProject
Global
	GlobalSection(SolutionConfigurationPlatforms) = preSolution
		Debug|Any CPU = Debug|Any CPU
		Release|Any CPU = Release|Any CPU
	EndGlobalSection
	GlobalSection(ProjectConfigurationPlatforms) = postSolution
		{DD9FF753-D493-4CAE-B743-8A4BFBF2CBB0}.Debug|Any CPU.ActiveCfg = Debug|Any CPU
		{DD9FF753-D493-4CAE-B743-8A4BFBF2CBB0}.Debug|Any CPU.Build.0 = Debug|Any CPU
		{DD9FF753-D493-4CAE-B743-8A4BFBF2CBB0}.Release|Any CPU.ActiveCfg = Release|Any CPU
		{DD9FF753-D493-4CAE-B743-8A4BFBF2CBB0}.Release|Any CPU.Build.0 = Release|Any CPU
	EndGlobalSection
	GlobalSection(SolutionProperties) = preSolution
		HideSolutionNode = FALSE
	EndGlobalSection
	GlobalSection(ExtensibilityGlobals) = postSolution
		SolutionGuid = {37650EF5-74BD-4614-A33C-138BF52E0FAF}
	EndGlobalSection
EndGlobal
